
Microsoft Visual Studio Solution File, Format Version 12.00
# Visual Studio Version 17
VisualStudioVersion = 17.9.34902.65
MinimumVisualStudioVersion = 10.0.40219.1
Project("{FAE04EC0-301F-11D3-BF4B-00C04F79EFBC}") = "PwdGen.API", "PwdGen.API\PwdGen.API.csproj", "{67AABC78-5603-41F7-AE3A-D452B53E23A5}"
EndProject
Project("{FAE04EC0-301F-11D3-BF4B-00C04F79EFBC}") = "PwdGen.Services", "PwdGen.Services\PwdGen.Services.csproj", "{736BC054-F40B-4C9C-A2ED-7D00F302454E}"
EndProject
Project("{FAE04EC0-301F-11D3-BF4B-00C04F79EFBC}") = "PwdGen.UnitTest", "PwdGen.UnitTest\PwdGen.UnitTest.csproj", "{B154C90E-97B0-40CF-B3CE-D26F9FD57DDD}"
EndProject
Project("{FAE04EC0-301F-11D3-BF4B-00C04F79EFBC}") = "PwdGen.Core", "PwdGen.Core\PwdGen.Core.csproj", "{C634E7CF-E8BF-4D5F-A746-BD1912F28514}"
EndProject
Global
	GlobalSection(SolutionConfigurationPlatforms) = preSolution
		Debug|Any CPU = Debug|Any CPU
		Release|Any CPU = Release|Any CPU
	EndGlobalSection
	GlobalSection(ProjectConfigurationPlatforms) = postSolution
		{67AABC78-5603-41F7-AE3A-D452B53E23A5}.Debug|Any CPU.ActiveCfg = Debug|Any CPU
		{67AABC78-5603-41F7-AE3A-D452B53E23A5}.Debug|Any CPU.Build.0 = Debug|Any CPU
		{67AABC78-5603-41F7-AE3A-D452B53E23A5}.Release|Any CPU.ActiveCfg = Release|Any CPU
		{67AABC78-5603-41F7-AE3A-D452B53E23A5}.Release|Any CPU.Build.0 = Release|Any CPU
		{736BC054-F40B-4C9C-A2ED-7D00F302454E}.Debug|Any CPU.ActiveCfg = Debug|Any CPU
		{736BC054-F40B-4C9C-A2ED-7D00F302454E}.Debug|Any CPU.Build.0 = Debug|Any CPU
		{736BC054-F40B-4C9C-A2ED-7D00F302454E}.Release|Any CPU.ActiveCfg = Release|Any CPU
		{736BC054-F40B-4C9C-A2ED-7D00F302454E}.Release|Any CPU.Build.0 = Release|Any CPU
		{B154C90E-97B0-40CF-B3CE-D26F9FD57DDD}.Debug|Any CPU.ActiveCfg = Debug|Any CPU
		{B154C90E-97B0-40CF-B3CE-D26F9FD57DDD}.Debug|Any CPU.Build.0 = Debug|Any CPU
		{B154C90E-97B0-40CF-B3CE-D26F9FD57DDD}.Release|Any CPU.ActiveCfg = Release|Any CPU
		{B154C90E-97B0-40CF-B3CE-D26F9FD57DDD}.Release|Any CPU.Build.0 = Release|Any CPU
		{C634E7CF-E8BF-4D5F-A746-BD1912F28514}.Debug|Any CPU.ActiveCfg = Debug|Any CPU
		{C634E7CF-E8BF-4D5F-A746-BD1912F28514}.Debug|Any CPU.Build.0 = Debug|Any CPU
		{C634E7CF-E8BF-4D5F-A746-BD1912F28514}.Release|Any CPU.ActiveCfg = Release|Any CPU
		{C634E7CF-E8BF-4D5F-A746-BD1912F28514}.Release|Any CPU.Build.0 = Release|Any CPU
	EndGlobalSection
	GlobalSection(SolutionProperties) = preSolution
		HideSolutionNode = FALSE
	EndGlobalSection
	GlobalSection(ExtensibilityGlobals) = postSolution
		SolutionGuid = {B4690591-9E62-417F-A9AF-C47DCEC7C1BB}
	EndGlobalSection
EndGlobal
